
Microsoft Visual Studio Solution File, Format Version 12.00
# Visual Studio 15
VisualStudioVersion = 15.0.33026.149
MinimumVisualStudioVersion = 10.0.40219.1
Project("{FAE04EC0-301F-11D3-BF4B-00C04F79EFBC}") = "Onset", "Onset\Onset.csproj", "{BC1A1BF2-395A-46BB-B5BB-349D942AF01E}"
EndProject
Global
	GlobalSection(SolutionConfigurationPlatforms) = preSolution
		Debug|Any CPU = Debug|Any CPU
		Release|Any CPU = Release|Any CPU
	EndGlobalSection
	GlobalSection(ProjectConfigurationPlatforms) = postSolution
		{BC1A1BF2-395A-46BB-B5BB-349D942AF01E}.Debug|Any CPU.ActiveCfg = Debug|Any CPU
		{BC1A1BF2-395A-46BB-B5BB-349D942AF01E}.Debug|Any CPU.Build.0 = Debug|Any CPU
		{BC1A1BF2-395A-46BB-B5BB-349D942AF01E}.Release|Any CPU.ActiveCfg = Release|Any CPU
		{BC1A1BF2-395A-46BB-B5BB-349D942AF01E}.Release|Any CPU.Build.0 = Release|Any CPU
	EndGlobalSection
	GlobalSection(SolutionProperties) = preSolution
		HideSolutionNode = FALSE
	EndGlobalSection
	GlobalSection(ExtensibilityGlobals) = postSolution
		SolutionGuid = {1DAAA648-598D-4029-B81B-BBE0D10F9D3D}
	EndGlobalSection
EndGlobal
